
Microsoft Visual Studio Solution File, Format Version 12.00
# Visual Studio Version 16
VisualStudioVersion = 16.0.29025.244
MinimumVisualStudioVersion = 10.0.40219.1
Project("{FAE04EC0-301F-11D3-BF4B-00C04F79EFBC}") = "BnSystem_Test", "BnSystem_Test\BnSystem_Test.csproj", "{C78A0AA9-1BE5-4B76-9960-AEBE7FAAF411}"
EndProject
Global
	GlobalSection(SolutionConfigurationPlatforms) = preSolution
		Debug|Any CPU = Debug|Any CPU
		Release|Any CPU = Release|Any CPU
	EndGlobalSection
	GlobalSection(ProjectConfigurationPlatforms) = postSolution
		{C78A0AA9-1BE5-4B76-9960-AEBE7FAAF411}.Debug|Any CPU.ActiveCfg = Debug|Any CPU
		{C78A0AA9-1BE5-4B76-9960-AEBE7FAAF411}.Debug|Any CPU.Build.0 = Debug|Any CPU
		{C78A0AA9-1BE5-4B76-9960-AEBE7FAAF411}.Release|Any CPU.ActiveCfg = Release|Any CPU
		{C78A0AA9-1BE5-4B76-9960-AEBE7FAAF411}.Release|Any CPU.Build.0 = Release|Any CPU
	EndGlobalSection
	GlobalSection(SolutionProperties) = preSolution
		HideSolutionNode = FALSE
	EndGlobalSection
	GlobalSection(ExtensibilityGlobals) = postSolution
		SolutionGuid = {CC0640BC-CC9E-4349-B40C-55EA52B7B42B}
	EndGlobalSection
EndGlobal
